
Microsoft Visual Studio Solution File, Format Version 12.00
# Visual Studio 2012
Project("{FAE04EC0-301F-11D3-BF4B-00C04F79EFBC}") = "dudes", "dudes\dudes.csproj", "{94BF3A3B-AEBC-48CD-9BC7-3EE0274FEB5E}"
EndProject
Project("{FAE04EC0-301F-11D3-BF4B-00C04F79EFBC}") = "NeuralNetwork", "..\..\gits\CheapAOI\NeuralNetwork\NeuralNetwork.csproj", "{8895EEF3-0A91-456A-AE07-2C820EBB38D9}"
EndProject
Project("{FAE04EC0-301F-11D3-BF4B-00C04F79EFBC}") = "genetics", "genetics\genetics.csproj", "{C3E96B3D-3E2C-4DBA-8058-B3827C1EFA85}"
EndProject
Project("{FAE04EC0-301F-11D3-BF4B-00C04F79EFBC}") = "console-stuff", "console-stuff\console-stuff.csproj", "{EEB0D97B-7B95-46B4-8692-192812C38101}"
EndProject
Project("{FAE04EC0-301F-11D3-BF4B-00C04F79EFBC}") = "world", "world\world.csproj", "{EE3B92C9-B393-41C6-A7BF-62B4B19484FD}"
EndProject
Project("{FAE04EC0-301F-11D3-BF4B-00C04F79EFBC}") = "gui", "gui\gui.csproj", "{720D52D2-726D-4ED4-B9C7-8D48A6D16C53}"
EndProject
Global
	GlobalSection(SolutionConfigurationPlatforms) = preSolution
		Debug|x86 = Debug|x86
		Release|x86 = Release|x86
	EndGlobalSection
	GlobalSection(ProjectConfigurationPlatforms) = postSolution
		{720D52D2-726D-4ED4-B9C7-8D48A6D16C53}.Debug|x86.ActiveCfg = Debug|x86
		{720D52D2-726D-4ED4-B9C7-8D48A6D16C53}.Debug|x86.Build.0 = Debug|x86
		{720D52D2-726D-4ED4-B9C7-8D48A6D16C53}.Release|x86.ActiveCfg = Release|x86
		{720D52D2-726D-4ED4-B9C7-8D48A6D16C53}.Release|x86.Build.0 = Release|x86
		{8895EEF3-0A91-456A-AE07-2C820EBB38D9}.Debug|x86.ActiveCfg = Debug|Any CPU
		{8895EEF3-0A91-456A-AE07-2C820EBB38D9}.Debug|x86.Build.0 = Debug|Any CPU
		{8895EEF3-0A91-456A-AE07-2C820EBB38D9}.Release|x86.ActiveCfg = Release|Any CPU
		{8895EEF3-0A91-456A-AE07-2C820EBB38D9}.Release|x86.Build.0 = Release|Any CPU
		{94BF3A3B-AEBC-48CD-9BC7-3EE0274FEB5E}.Debug|x86.ActiveCfg = Debug|Any CPU
		{94BF3A3B-AEBC-48CD-9BC7-3EE0274FEB5E}.Debug|x86.Build.0 = Debug|Any CPU
		{94BF3A3B-AEBC-48CD-9BC7-3EE0274FEB5E}.Release|x86.ActiveCfg = Release|Any CPU
		{94BF3A3B-AEBC-48CD-9BC7-3EE0274FEB5E}.Release|x86.Build.0 = Release|Any CPU
		{C3E96B3D-3E2C-4DBA-8058-B3827C1EFA85}.Debug|x86.ActiveCfg = Debug|Any CPU
		{C3E96B3D-3E2C-4DBA-8058-B3827C1EFA85}.Debug|x86.Build.0 = Debug|Any CPU
		{C3E96B3D-3E2C-4DBA-8058-B3827C1EFA85}.Release|x86.ActiveCfg = Release|Any CPU
		{C3E96B3D-3E2C-4DBA-8058-B3827C1EFA85}.Release|x86.Build.0 = Release|Any CPU
		{EE3B92C9-B393-41C6-A7BF-62B4B19484FD}.Debug|x86.ActiveCfg = Debug|Any CPU
		{EE3B92C9-B393-41C6-A7BF-62B4B19484FD}.Debug|x86.Build.0 = Debug|Any CPU
		{EE3B92C9-B393-41C6-A7BF-62B4B19484FD}.Release|x86.ActiveCfg = Release|Any CPU
		{EE3B92C9-B393-41C6-A7BF-62B4B19484FD}.Release|x86.Build.0 = Release|Any CPU
		{EEB0D97B-7B95-46B4-8692-192812C38101}.Debug|x86.ActiveCfg = Debug|x86
		{EEB0D97B-7B95-46B4-8692-192812C38101}.Debug|x86.Build.0 = Debug|x86
		{EEB0D97B-7B95-46B4-8692-192812C38101}.Release|x86.ActiveCfg = Release|x86
		{EEB0D97B-7B95-46B4-8692-192812C38101}.Release|x86.Build.0 = Release|x86
	EndGlobalSection
EndGlobal
